
Microsoft Visual Studio Solution File, Format Version 12.00
# Visual Studio Version 16
VisualStudioVersion = 16.0.30114.105
MinimumVisualStudioVersion = 10.0.40219.1
Project("{FAE04EC0-301F-11D3-BF4B-00C04F79EFBC}") = "API", "API\API.csproj", "{4CB8C94F-D492-481F-B67D-1E0041F26C51}"
EndProject
Project("{FAE04EC0-301F-11D3-BF4B-00C04F79EFBC}") = "Core", "Core\Core.csproj", "{5E80C347-225F-4E9F-8C40-1D4195AE5437}"
EndProject
Project("{FAE04EC0-301F-11D3-BF4B-00C04F79EFBC}") = "Infrastructure", "Infrastructure\Infrastructure.csproj", "{1F7CB3EC-241B-4693-BF67-76CA8A2C3214}"
EndProject
Global
	GlobalSection(SolutionConfigurationPlatforms) = preSolution
		Debug|Any CPU = Debug|Any CPU
		Debug|x64 = Debug|x64
		Debug|x86 = Debug|x86
		Release|Any CPU = Release|Any CPU
		Release|x64 = Release|x64
		Release|x86 = Release|x86
	EndGlobalSection
	GlobalSection(SolutionProperties) = preSolution
		HideSolutionNode = FALSE
	EndGlobalSection
	GlobalSection(ProjectConfigurationPlatforms) = postSolution
		{4CB8C94F-D492-481F-B67D-1E0041F26C51}.Debug|Any CPU.ActiveCfg = Debug|Any CPU
		{4CB8C94F-D492-481F-B67D-1E0041F26C51}.Debug|Any CPU.Build.0 = Debug|Any CPU
		{4CB8C94F-D492-481F-B67D-1E0041F26C51}.Debug|x64.ActiveCfg = Debug|Any CPU
		{4CB8C94F-D492-481F-B67D-1E0041F26C51}.Debug|x64.Build.0 = Debug|Any CPU
		{4CB8C94F-D492-481F-B67D-1E0041F26C51}.Debug|x86.ActiveCfg = Debug|Any CPU
		{4CB8C94F-D492-481F-B67D-1E0041F26C51}.Debug|x86.Build.0 = Debug|Any CPU
		{4CB8C94F-D492-481F-B67D-1E0041F26C51}.Release|Any CPU.ActiveCfg = Release|Any CPU
		{4CB8C94F-D492-481F-B67D-1E0041F26C51}.Release|Any CPU.Build.0 = Release|Any CPU
		{4CB8C94F-D492-481F-B67D-1E0041F26C51}.Release|x64.ActiveCfg = Release|Any CPU
		{4CB8C94F-D492-481F-B67D-1E0041F26C51}.Release|x64.Build.0 = Release|Any CPU
		{4CB8C94F-D492-481F-B67D-1E0041F26C51}.Release|x86.ActiveCfg = Release|Any CPU
		{4CB8C94F-D492-481F-B67D-1E0041F26C51}.Release|x86.Build.0 = Release|Any CPU
		{5E80C347-225F-4E9F-8C40-1D4195AE5437}.Debug|Any CPU.ActiveCfg = Debug|Any CPU
		{5E80C347-225F-4E9F-8C40-1D4195AE5437}.Debug|Any CPU.Build.0 = Debug|Any CPU
		{5E80C347-225F-4E9F-8C40-1D4195AE5437}.Debug|x64.ActiveCfg = Debug|Any CPU
		{5E80C347-225F-4E9F-8C40-1D4195AE5437}.Debug|x64.Build.0 = Debug|Any CPU
		{5E80C347-225F-4E9F-8C40-1D4195AE5437}.Debug|x86.ActiveCfg = Debug|Any CPU
		{5E80C347-225F-4E9F-8C40-1D4195AE5437}.Debug|x86.Build.0 = Debug|Any CPU
		{5E80C347-225F-4E9F-8C40-1D4195AE5437}.Release|Any CPU.ActiveCfg = Release|Any CPU
		{5E80C347-225F-4E9F-8C40-1D4195AE5437}.Release|Any CPU.Build.0 = Release|Any CPU
		{5E80C347-225F-4E9F-8C40-1D4195AE5437}.Release|x64.ActiveCfg = Release|Any CPU
		{5E80C347-225F-4E9F-8C40-1D4195AE5437}.Release|x64.Build.0 = Release|Any CPU
		{5E80C347-225F-4E9F-8C40-1D4195AE5437}.Release|x86.ActiveCfg = Release|Any CPU
		{5E80C347-225F-4E9F-8C40-1D4195AE5437}.Release|x86.Build.0 = Release|Any CPU
		{1F7CB3EC-241B-4693-BF67-76CA8A2C3214}.Debug|Any CPU.ActiveCfg = Debug|Any CPU
		{1F7CB3EC-241B-4693-BF67-76CA8A2C3214}.Debug|Any CPU.Build.0 = Debug|Any CPU
		{1F7CB3EC-241B-4693-BF67-76CA8A2C3214}.Debug|x64.ActiveCfg = Debug|Any CPU
		{1F7CB3EC-241B-4693-BF67-76CA8A2C3214}.Debug|x64.Build.0 = Debug|Any CPU
		{1F7CB3EC-241B-4693-BF67-76CA8A2C3214}.Debug|x86.ActiveCfg = Debug|Any CPU
		{1F7CB3EC-241B-4693-BF67-76CA8A2C3214}.Debug|x86.Build.0 = Debug|Any CPU
		{1F7CB3EC-241B-4693-BF67-76CA8A2C3214}.Release|Any CPU.ActiveCfg = Release|Any CPU
		{1F7CB3EC-241B-4693-BF67-76CA8A2C3214}.Release|Any CPU.Build.0 = Release|Any CPU
		{1F7CB3EC-241B-4693-BF67-76CA8A2C3214}.Release|x64.ActiveCfg = Release|Any CPU
		{1F7CB3EC-241B-4693-BF67-76CA8A2C3214}.Release|x64.Build.0 = Release|Any CPU
		{1F7CB3EC-241B-4693-BF67-76CA8A2C3214}.Release|x86.ActiveCfg = Release|Any CPU
		{1F7CB3EC-241B-4693-BF67-76CA8A2C3214}.Release|x86.Build.0 = Release|Any CPU
	EndGlobalSection
EndGlobal
